
Microsoft Visual Studio Solution File, Format Version 12.00
# Visual Studio Version 17
VisualStudioVersion = 17.9.34607.119
MinimumVisualStudioVersion = 10.0.40219.1
Project("{FAE04EC0-301F-11D3-BF4B-00C04F79EFBC}") = "TestTaskRefactoring", "TestTaskRefactoring\TestTaskRefactoring.csproj", "{262053E0-0F1D-4C16-8F6C-59499E225A7C}"
EndProject
Global
	GlobalSection(SolutionConfigurationPlatforms) = preSolution
		Debug|Any CPU = Debug|Any CPU
		Release|Any CPU = Release|Any CPU
	EndGlobalSection
	GlobalSection(ProjectConfigurationPlatforms) = postSolution
		{262053E0-0F1D-4C16-8F6C-59499E225A7C}.Debug|Any CPU.ActiveCfg = Debug|Any CPU
		{262053E0-0F1D-4C16-8F6C-59499E225A7C}.Debug|Any CPU.Build.0 = Debug|Any CPU
		{262053E0-0F1D-4C16-8F6C-59499E225A7C}.Release|Any CPU.ActiveCfg = Release|Any CPU
		{262053E0-0F1D-4C16-8F6C-59499E225A7C}.Release|Any CPU.Build.0 = Release|Any CPU
	EndGlobalSection
	GlobalSection(SolutionProperties) = preSolution
		HideSolutionNode = FALSE
	EndGlobalSection
	GlobalSection(ExtensibilityGlobals) = postSolution
		SolutionGuid = {B8E3E6CF-0CA8-4107-BF22-B9E8CA586FCA}
	EndGlobalSection
EndGlobal
